# Pinned hledger WASM artifact descriptor.
#
# This file is the single source of truth for *which* hledger WASM binary the
# app runs against. It is read by:
#   * scripts/fetch-hledger-wasm.sh  — resolves/verifies assets/wasm/hledger.wasm
#   * build.rs                       — bakes the values in as compile-time env
#                                      vars, so the terminal can report exactly
#                                      what it is running and whether it matches
#
# `flavor` names the artifact. Only `hledger-cli` is supported: the real hledger
# CLI, whose argv is `hledger [args...]`, with the journal supplied through
# $LEDGER_FILE rather than -f. An earlier build also carried an interim npm
# artifact with a different dialect; the terminal needs neither, and it is gone.
#
# The artifact IS committed, at assets/wasm/hledger.wasm. Engine builds are rare
# (one per hledger version, not per commit), the app is useless without it, and a
# fresh clone should build and run with no network. scripts/fetch-hledger-wasm.sh
# verifies it against `sha256` on every build, and prefers artifacts/hledger.wasm
# when one has just been built locally, so the checksum is what stops a stale or
# corrupted binary from ever being run.
#
# Refreshing it after changing hledger-wasm/ (the stubs, or the cabal project):
#
#   sh scripts/build-hledger-wasm.sh      # writes artifacts/hledger.wasm and
#                                         # prints its size and SHA-256
#   # set `size` and `sha256` below to those printed values
#   sh scripts/fetch-hledger-wasm.sh      # installs and verifies it
#   git add assets/wasm/hledger.wasm wasm.lock
#
# `url` is an optional download fallback for a build that does not have the file
# at all. It is empty when there is nowhere to fetch from.
#
# NOTE: keys here are read by a small awk parser, so keep the flat
# `key = "value"` form.

[hledger-wasm]
flavor = "hledger-cli"
hledger_version = "1.52.4"
ghc_version = "9.12"
size = 13194161
sha256 = "acd7c4e955b1191a23afc5171508cba960cf8311cf5f8fb8a9f62f50659e4178"
url = ""
